
Microsoft Visual Studio Solution File, Format Version 11.00
# Visual Basic Express 2010
Project("{F184B08F-C81C-45F6-A57F-5ABD9991F28F}") = "Automorphic Number Checker", "Automorphic Number Checker\Automorphic Number Checker.vbproj", "{69A363CF-C231-4F44-AF77-61E3768A651D}"
EndProject
Global
	GlobalSection(SolutionConfigurationPlatforms) = preSolution
		Debug|x86 = Debug|x86
		Release|x86 = Release|x86
	EndGlobalSection
	GlobalSection(ProjectConfigurationPlatforms) = postSolution
		{69A363CF-C231-4F44-AF77-61E3768A651D}.Debug|x86.ActiveCfg = Debug|x86
		{69A363CF-C231-4F44-AF77-61E3768A651D}.Debug|x86.Build.0 = Debug|x86
		{69A363CF-C231-4F44-AF77-61E3768A651D}.Release|x86.ActiveCfg = Release|x86
		{69A363CF-C231-4F44-AF77-61E3768A651D}.Release|x86.Build.0 = Release|x86
	EndGlobalSection
	GlobalSection(SolutionProperties) = preSolution
		HideSolutionNode = FALSE
	EndGlobalSection
EndGlobal
