
Microsoft Visual Studio Solution File, Format Version 11.00
# Visual Basic Express 2010
Project("{F184B08F-C81C-45F6-A57F-5ABD9991F28F}") = "Read names+marks from a file and store in arrays", "Read names+marks from a file and store in arrays\Read names+marks from a file and store in arrays.vbproj", "{34880717-007F-44F0-B16F-5DAF9EFA1756}"
EndProject
Global
	GlobalSection(SolutionConfigurationPlatforms) = preSolution
		Debug|x86 = Debug|x86
		Release|x86 = Release|x86
	EndGlobalSection
	GlobalSection(ProjectConfigurationPlatforms) = postSolution
		{34880717-007F-44F0-B16F-5DAF9EFA1756}.Debug|x86.ActiveCfg = Debug|x86
		{34880717-007F-44F0-B16F-5DAF9EFA1756}.Debug|x86.Build.0 = Debug|x86
		{34880717-007F-44F0-B16F-5DAF9EFA1756}.Release|x86.ActiveCfg = Release|x86
		{34880717-007F-44F0-B16F-5DAF9EFA1756}.Release|x86.Build.0 = Release|x86
	EndGlobalSection
	GlobalSection(SolutionProperties) = preSolution
		HideSolutionNode = FALSE
	EndGlobalSection
EndGlobal
